// !$*UTF8*$!
{
	archiveVersion = 1;
	classes = {
	};
	objectVersion = 51;
	objects = {

/* Begin PBXBuildFile section */
		1F53076F256D640D00EF721A /* Six_ViewController.swift in Sources */ = {isa = PBXBuildFile; fileRef = 1F53076E256D640D00EF721A /* Six_ViewController.swift */; };
		1F85C65C255A130600EDF730 /* AppDelegate.swift in Sources */ = {isa = PBXBuildFile; fileRef = 1F85C65B255A130600EDF730 /* AppDelegate.swift */; };
		1F85C661255A130600EDF730 /* Main.storyboard in Resources */ = {isa = PBXBuildFile; fileRef = 1F85C65F255A130600EDF730 /* Main.storyboard */; };
		1F85C663255A130F00EDF730 /* Assets.xcassets in Resources */ = {isa = PBXBuildFile; fileRef = 1F85C662255A130F00EDF730 /* Assets.xcassets */; };
		1F85C666255A130F00EDF730 /* LaunchScreen.storyboard in Resources */ = {isa = PBXBuildFile; fileRef = 1F85C664255A130F00EDF730 /* LaunchScreen.storyboard */; };
		1F85C66E255A152D00EDF730 /* A_ViewController.swift in Sources */ = {isa = PBXBuildFile; fileRef = 1F85C66D255A152D00EDF730 /* A_ViewController.swift */; };
		1F8E0630256C768800654953 /* B_ViewController.swift in Sources */ = {isa = PBXBuildFile; fileRef = 1F8E062F256C768800654953 /* B_ViewController.swift */; };
		1F8E0632256C7B3B00654953 /* C_ViewController.swift in Sources */ = {isa = PBXBuildFile; fileRef = 1F8E0631256C7B3B00654953 /* C_ViewController.swift */; };
		1F8E0634256C7DC600654953 /* C_HumanTableViewCell.swift in Sources */ = {isa = PBXBuildFile; fileRef = 1F8E0633256C7DC600654953 /* C_HumanTableViewCell.swift */; };
		1F8E0636256C865A00654953 /* D_ViewController.swift in Sources */ = {isa = PBXBuildFile; fileRef = 1F8E0635256C865A00654953 /* D_ViewController.swift */; };
		1F8E0638256C954900654953 /* E_ViewController.swift in Sources */ = {isa = PBXBuildFile; fileRef = 1F8E0637256C954900654953 /* E_ViewController.swift */; };
		5D0A31C923EF66D09B5F37B2 /* Pods_Rx_test.framework in Frameworks */ = {isa = PBXBuildFile; fileRef = D7F69EFA113B14A0D4FF9FFB /* Pods_Rx_test.framework */; };
/* End PBXBuildFile section */

/* Begin PBXFileReference section */
		1ADCCF6CA49ACDE8DEDCE79A /* Pods-Rx-test.debug.xcconfig */ = {isa = PBXFileReference; includeInIndex = 1; lastKnownFileType = text.xcconfig; name = "Pods-Rx-test.debug.xcconfig"; path = "Target Support Files/Pods-Rx-test/Pods-Rx-test.debug.xcconfig"; sourceTree = "<group>"; };
		1F53076E256D640D00EF721A /* Six_ViewController.swift */ = {isa = PBXFileReference; lastKnownFileType = sourcecode.swift; path = Six_ViewController.swift; sourceTree = "<group>"; };
		1F85C658255A130600EDF730 /* Rx-test.app */ = {isa = PBXFileReference; explicitFileType = wrapper.application; includeInIndex = 0; path = "Rx-test.app"; sourceTree = BUILT_PRODUCTS_DIR; };
		1F85C65B255A130600EDF730 /* AppDelegate.swift */ = {isa = PBXFileReference; lastKnownFileType = sourcecode.swift; path = AppDelegate.swift; sourceTree = "<group>"; };
		1F85C660255A130600EDF730 /* Base */ = {isa = PBXFileReference; lastKnownFileType = file.storyboard; name = Base; path = Base.lproj/Main.storyboard; sourceTree = "<group>"; };
		1F85C662255A130F00EDF730 /* Assets.xcassets */ = {isa = PBXFileReference; lastKnownFileType = folder.assetcatalog; path = Assets.xcassets; sourceTree = "<group>"; };
		1F85C665255A130F00EDF730 /* Base */ = {isa = PBXFileReference; lastKnownFileType = file.storyboard; name = Base; path = Base.lproj/LaunchScreen.storyboard; sourceTree = "<group>"; };
		1F85C667255A130F00EDF730 /* Info.plist */ = {isa = PBXFileReference; lastKnownFileType = text.plist.xml; path = Info.plist; sourceTree = "<group>"; };
		1F85C66D255A152D00EDF730 /* A_ViewController.swift */ = {isa = PBXFileReference; lastKnownFileType = sourcecode.swift; path = A_ViewController.swift; sourceTree = "<group>"; };
		1F8E062F256C768800654953 /* B_ViewController.swift */ = {isa = PBXFileReference; lastKnownFileType = sourcecode.swift; path = B_ViewController.swift; sourceTree = "<group>"; };
		1F8E0631256C7B3B00654953 /* C_ViewController.swift */ = {isa = PBXFileReference; lastKnownFileType = sourcecode.swift; path = C_ViewController.swift; sourceTree = "<group>"; };
		1F8E0633256C7DC600654953 /* C_HumanTableViewCell.swift */ = {isa = PBXFileReference; lastKnownFileType = sourcecode.swift; path = C_HumanTableViewCell.swift; sourceTree = "<group>"; };
		1F8E0635256C865A00654953 /* D_ViewController.swift */ = {isa = PBXFileReference; lastKnownFileType = sourcecode.swift; path = D_ViewController.swift; sourceTree = "<group>"; };
		1F8E0637256C954900654953 /* E_ViewController.swift */ = {isa = PBXFileReference; lastKnownFileType = sourcecode.swift; path = E_ViewController.swift; sourceTree = "<group>"; };
		377B8DE772855CDCD63DC9D4 /* Pods-Rx-test.release.xcconfig */ = {isa = PBXFileReference; includeInIndex = 1; lastKnownFileType = text.xcconfig; name = "Pods-Rx-test.release.xcconfig"; path = "Target Support Files/Pods-Rx-test/Pods-Rx-test.release.xcconfig"; sourceTree = "<group>"; };
		D7F69EFA113B14A0D4FF9FFB /* Pods_Rx_test.framework */ = {isa = PBXFileReference; explicitFileType = wrapper.framework; includeInIndex = 0; path = Pods_Rx_test.framework; sourceTree = BUILT_PRODUCTS_DIR; };
/* End PBXFileReference section */

/* Begin PBXFrameworksBuildPhase section */
		1F85C655255A130600EDF730 /* Frameworks */ = {
			isa = PBXFrameworksBuildPhase;
			buildActionMask = 2147483647;
			files = (
				5D0A31C923EF66D09B5F37B2 /* Pods_Rx_test.framework in Frameworks */,
			);
			runOnlyForDeploymentPostprocessing = 0;
		};
/* End PBXFrameworksBuildPhase section */

/* Begin PBXGroup section */
		04418D405AC214C50C6113C3 /* Frameworks */ = {
			isa = PBXGroup;
			children = (
				D7F69EFA113B14A0D4FF9FFB /* Pods_Rx_test.framework */,
			);
			name = Frameworks;
			sourceTree = "<group>";
		};
		1F85C64F255A130600EDF730 = {
			isa = PBXGroup;
			children = (
				1F85C65A255A130600EDF730 /* Rx-test */,
				1F85C659255A130600EDF730 /* Products */,
				CA7BAE416EF2046E4540F36D /* Pods */,
				04418D405AC214C50C6113C3 /* Frameworks */,
			);
			sourceTree = "<group>";
		};
		1F85C659255A130600EDF730 /* Products */ = {
			isa = PBXGroup;
			children = (
				1F85C658255A130600EDF730 /* Rx-test.app */,
			);
			name = Products;
			sourceTree = "<group>";
		};
		1F85C65A255A130600EDF730 /* Rx-test */ = {
			isa = PBXGroup;
			children = (
				1F85C65B255A130600EDF730 /* AppDelegate.swift */,
				1F85C66D255A152D00EDF730 /* A_ViewController.swift */,
				1F8E062F256C768800654953 /* B_ViewController.swift */,
				1F8E0631256C7B3B00654953 /* C_ViewController.swift */,
				1F8E0633256C7DC600654953 /* C_HumanTableViewCell.swift */,
				1F8E0635256C865A00654953 /* D_ViewController.swift */,
				1F8E0637256C954900654953 /* E_ViewController.swift */,
				1F53076E256D640D00EF721A /* Six_ViewController.swift */,
				1F85C65F255A130600EDF730 /* Main.storyboard */,
				1F85C662255A130F00EDF730 /* Assets.xcassets */,
				1F85C664255A130F00EDF730 /* LaunchScreen.storyboard */,
				1F85C667255A130F00EDF730 /* Info.plist */,
			);
			path = "Rx-test";
			sourceTree = "<group>";
		};
		CA7BAE416EF2046E4540F36D /* Pods */ = {
			isa = PBXGroup;
			children = (
				1ADCCF6CA49ACDE8DEDCE79A /* Pods-Rx-test.debug.xcconfig */,
				377B8DE772855CDCD63DC9D4 /* Pods-Rx-test.release.xcconfig */,
			);
			path = Pods;
			sourceTree = "<group>";
		};
/* End PBXGroup section */

/* Begin PBXNativeTarget section */
		1F85C657255A130600EDF730 /* Rx-test */ = {
			isa = PBXNativeTarget;
			buildConfigurationList = 1F85C66A255A130F00EDF730 /* Build configuration list for PBXNativeTarget "Rx-test" */;
			buildPhases = (
				74C33C202B8F63E4EF58A1B1 /* [CP] Check Pods Manifest.lock */,
				1F85C654255A130600EDF730 /* Sources */,
				1F85C655255A130600EDF730 /* Frameworks */,
				1F85C656255A130600EDF730 /* Resources */,
				9A6D4DE56D54521F4B154EC7 /* [CP] Embed Pods Frameworks */,
			);
			buildRules = (
			);
			dependencies = (
			);
			name = "Rx-test";
			productName = "Rx-test";
			productReference = 1F85C658255A130600EDF730 /* Rx-test.app */;
			productType = "com.apple.product-type.application";
		};
/* End PBXNativeTarget section */

/* Begin PBXProject section */
		1F85C650255A130600EDF730 /* Project object */ = {
			isa = PBXProject;
			attributes = {
				LastSwiftUpdateCheck = 1010;
				LastUpgradeCheck = 1010;
				ORGANIZATIONNAME = "Александр";
				TargetAttributes = {
					1F85C657255A130600EDF730 = {
						CreatedOnToolsVersion = 10.1;
					};
				};
			};
			buildConfigurationList = 1F85C653255A130600EDF730 /* Build configuration list for PBXProject "Rx-test" */;
			compatibilityVersion = "Xcode 9.3";
			developmentRegion = en;
			hasScannedForEncodings = 0;
			knownRegions = (
				en,
				Base,
			);
			mainGroup = 1F85C64F255A130600EDF730;
			productRefGroup = 1F85C659255A130600EDF730 /* Products */;
			projectDirPath = "";
			projectRoot = "";
			targets = (
				1F85C657255A130600EDF730 /* Rx-test */,
			);
		};
/* End PBXProject section */

/* Begin PBXResourcesBuildPhase section */
		1F85C656255A130600EDF730 /* Resources */ = {
			isa = PBXResourcesBuildPhase;
			buildActionMask = 2147483647;
			files = (
				1F85C666255A130F00EDF730 /* LaunchScreen.storyboard in Resources */,
				1F85C663255A130F00EDF730 /* Assets.xcassets in Resources */,
				1F85C661255A130600EDF730 /* Main.storyboard in Resources */,
			);
			runOnlyForDeploymentPostprocessing = 0;
		};
/* End PBXResourcesBuildPhase section */

/* Begin PBXShellScriptBuildPhase section */
		74C33C202B8F63E4EF58A1B1 /* [CP] Check Pods Manifest.lock */ = {
			isa = PBXShellScriptBuildPhase;
			buildActionMask = 2147483647;
			files = (
			);
			inputFileListPaths = (
			);
			inputPaths = (
				"${PODS_PODFILE_DIR_PATH}/Podfile.lock",
				"${PODS_ROOT}/Manifest.lock",
			);
			name = "[CP] Check Pods Manifest.lock";
			outputFileListPaths = (
			);
			outputPaths = (
				"$(DERIVED_FILE_DIR)/Pods-Rx-test-checkManifestLockResult.txt",
			);
			runOnlyForDeploymentPostprocessing = 0;
			shellPath = /bin/sh;
			shellScript = "diff \"${PODS_PODFILE_DIR_PATH}/Podfile.lock\" \"${PODS_ROOT}/Manifest.lock\" > /dev/null\nif [ $? != 0 ] ; then\n    # print error to STDERR\n    echo \"error: The sandbox is not in sync with the Podfile.lock. Run 'pod install' or update your CocoaPods installation.\" >&2\n    exit 1\nfi\n# This output is used by Xcode 'outputs' to avoid re-running this script phase.\necho \"SUCCESS\" > \"${SCRIPT_OUTPUT_FILE_0}\"\n";
			showEnvVarsInLog = 0;
		};
		9A6D4DE56D54521F4B154EC7 /* [CP] Embed Pods Frameworks */ = {
			isa = PBXShellScriptBuildPhase;
			buildActionMask = 2147483647;
			files = (
			);
			inputFileListPaths = (
				"${PODS_ROOT}/Target Support Files/Pods-Rx-test/Pods-Rx-test-frameworks-${CONFIGURATION}-input-files.xcfilelist",
			);
			name = "[CP] Embed Pods Frameworks";
			outputFileListPaths = (
				"${PODS_ROOT}/Target Support Files/Pods-Rx-test/Pods-Rx-test-frameworks-${CONFIGURATION}-output-files.xcfilelist",
			);
			runOnlyForDeploymentPostprocessing = 0;
			shellPath = /bin/sh;
			shellScript = "\"${PODS_ROOT}/Target Support Files/Pods-Rx-test/Pods-Rx-test-frameworks.sh\"\n";
			showEnvVarsInLog = 0;
		};
/* End PBXShellScriptBuildPhase section */

/* Begin PBXSourcesBuildPhase section */
		1F85C654255A130600EDF730 /* Sources */ = {
			isa = PBXSourcesBuildPhase;
			buildActionMask = 2147483647;
			files = (
				1F8E0638256C954900654953 /* E_ViewController.swift in Sources */,
				1F8E0634256C7DC600654953 /* C_HumanTableViewCell.swift in Sources */,
				1F8E0636256C865A00654953 /* D_ViewController.swift in Sources */,
				1F8E0630256C768800654953 /* B_ViewController.swift in Sources */,
				1F85C66E255A152D00EDF730 /* A_ViewController.swift in Sources */,
				1F53076F256D640D00EF721A /* Six_ViewController.swift in Sources */,
				1F8E0632256C7B3B00654953 /* C_ViewController.swift in Sources */,
				1F85C65C255A130600EDF730 /* AppDelegate.swift in Sources */,
			);
			runOnlyForDeploymentPostprocessing = 0;
		};
/* End PBXSourcesBuildPhase section */

/* Begin PBXVariantGroup section */
		1F85C65F255A130600EDF730 /* Main.storyboard */ = {
			isa = PBXVariantGroup;
			children = (
				1F85C660255A130600EDF730 /* Base */,
			);
			name = Main.storyboard;
			sourceTree = "<group>";
		};
		1F85C664255A130F00EDF730 /* LaunchScreen.storyboard */ = {
			isa = PBXVariantGroup;
			children = (
				1F85C665255A130F00EDF730 /* Base */,
			);
			name = LaunchScreen.storyboard;
			sourceTree = "<group>";
		};
/* End PBXVariantGroup section */

/* Begin XCBuildConfiguration section */
		1F85C668255A130F00EDF730 /* Debug */ = {
			isa = XCBuildConfiguration;
			buildSettings = {
				ALWAYS_SEARCH_USER_PATHS = NO;
				CLANG_ANALYZER_NONNULL = YES;
				CLANG_ANALYZER_NUMBER_OBJECT_CONVERSION = YES_AGGRESSIVE;
				CLANG_CXX_LANGUAGE_STANDARD = "gnu++14";
				CLANG_CXX_LIBRARY = "libc++";
				CLANG_ENABLE_MODULES = YES;
				CLANG_ENABLE_OBJC_ARC = YES;
				CLANG_ENABLE_OBJC_WEAK = YES;
				CLANG_WARN_BLOCK_CAPTURE_AUTORELEASING = YES;
				CLANG_WARN_BOOL_CONVERSION = YES;
				CLANG_WARN_COMMA = YES;
				CLANG_WARN_CONSTANT_CONVERSION = YES;
				CLANG_WARN_DEPRECATED_OBJC_IMPLEMENTATIONS = YES;
				CLANG_WARN_DIRECT_OBJC_ISA_USAGE = YES_ERROR;
				CLANG_WARN_DOCUMENTATION_COMMENTS = YES;
				CLANG_WARN_EMPTY_BODY = YES;
				CLANG_WARN_ENUM_CONVERSION = YES;
				CLANG_WARN_INFINITE_RECURSION = YES;
				CLANG_WARN_INT_CONVERSION = YES;
				CLANG_WARN_NON_LITERAL_NULL_CONVERSION = YES;
				CLANG_WARN_OBJC_IMPLICIT_RETAIN_SELF = YES;
				CLANG_WARN_OBJC_LITERAL_CONVERSION = YES;
				CLANG_WARN_OBJC_ROOT_CLASS = YES_ERROR;
				CLANG_WARN_RANGE_LOOP_ANALYSIS = YES;
				CLANG_WARN_STRICT_PROTOTYPES = YES;
				CLANG_WARN_SUSPICIOUS_MOVE = YES;
				CLANG_WARN_UNGUARDED_AVAILABILITY = YES_AGGRESSIVE;
				CLANG_WARN_UNREACHABLE_CODE = YES;
				CLANG_WARN__DUPLICATE_METHOD_MATCH = YES;
				CODE_SIGN_IDENTITY = "iPhone Developer";
				COPY_PHASE_STRIP = NO;
				DEBUG_INFORMATION_FORMAT = dwarf;
				ENABLE_STRICT_OBJC_MSGSEND = YES;
				ENABLE_TESTABILITY = YES;
				GCC_C_LANGUAGE_STANDARD = gnu11;
				GCC_DYNAMIC_NO_PIC = NO;
				GCC_NO_COMMON_BLOCKS = YES;
				GCC_OPTIMIZATION_LEVEL = 0;
				GCC_PREPROCESSOR_DEFINITIONS = (
					"DEBUG=1",
					"$(inherited)",
				);
				GCC_WARN_64_TO_32_BIT_CONVERSION = YES;
				GCC_WARN_ABOUT_RETURN_TYPE = YES_ERROR;
				GCC_WARN_UNDECLARED_SELECTOR = YES;
				GCC_WARN_UNINITIALIZED_AUTOS = YES_AGGRESSIVE;
				GCC_WARN_UNUSED_FUNCTION = YES;
				GCC_WARN_UNUSED_VARIABLE = YES;
				IPHONEOS_DEPLOYMENT_TARGET = 12.1;
				MTL_ENABLE_DEBUG_INFO = INCLUDE_SOURCE;
				MTL_FAST_MATH = YES;
				ONLY_ACTIVE_ARCH = YES;
				SDKROOT = iphoneos;
				SWIFT_ACTIVE_COMPILATION_CONDITIONS = DEBUG;
				SWIFT_OPTIMIZATION_LEVEL = "-Onone";
			};
			name = Debug;
		};
		1F85C669255A130F00EDF730 /* Release */ = {
			isa = XCBuildConfiguration;
			buildSettings = {
				ALWAYS_SEARCH_USER_PATHS = NO;
				CLANG_ANALYZER_NONNULL = YES;
				CLANG_ANALYZER_NUMBER_OBJECT_CONVERSION = YES_AGGRESSIVE;
				CLANG_CXX_LANGUAGE_STANDARD = "gnu++14";
				CLANG_CXX_LIBRARY = "libc++";
				CLANG_ENABLE_MODULES = YES;
				CLANG_ENABLE_OBJC_ARC = YES;
				CLANG_ENABLE_OBJC_WEAK = YES;
				CLANG_WARN_BLOCK_CAPTURE_AUTORELEASING = YES;
				CLANG_WARN_BOOL_CONVERSION = YES;
				CLANG_WARN_COMMA = YES;
				CLANG_WARN_CONSTANT_CONVERSION = YES;
				CLANG_WARN_DEPRECATED_OBJC_IMPLEMENTATIONS = YES;
				CLANG_WARN_DIRECT_OBJC_ISA_USAGE = YES_ERROR;
				CLANG_WARN_DOCUMENTATION_COMMENTS = YES;
				CLANG_WARN_EMPTY_BODY = YES;
				CLANG_WARN_ENUM_CONVERSION = YES;
				CLANG_WARN_INFINITE_RECURSION = YES;
				CLANG_WARN_INT_CONVERSION = YES;
				CLANG_WARN_NON_LITERAL_NULL_CONVERSION = YES;
				CLANG_WARN_OBJC_IMPLICIT_RETAIN_SELF = YES;
				CLANG_WARN_OBJC_LITERAL_CONVERSION = YES;
				CLANG_WARN_OBJC_ROOT_CLASS = YES_ERROR;
				CLANG_WARN_RANGE_LOOP_ANALYSIS = YES;
				CLANG_WARN_STRICT_PROTOTYPES = YES;
				CLANG_WARN_SUSPICIOUS_MOVE = YES;
				CLANG_WARN_UNGUARDED_AVAILABILITY = YES_AGGRESSIVE;
				CLANG_WARN_UNREACHABLE_CODE = YES;
				CLANG_WARN__DUPLICATE_METHOD_MATCH = YES;
				CODE_SIGN_IDENTITY = "iPhone Developer";
				COPY_PHASE_STRIP = NO;
				DEBUG_INFORMATION_FORMAT = "dwarf-with-dsym";
				ENABLE_NS_ASSERTIONS = NO;
				ENABLE_STRICT_OBJC_MSGSEND = YES;
				GCC_C_LANGUAGE_STANDARD = gnu11;
				GCC_NO_COMMON_BLOCKS = YES;
				GCC_WARN_64_TO_32_BIT_CONVERSION = YES;
				GCC_WARN_ABOUT_RETURN_TYPE = YES_ERROR;
				GCC_WARN_UNDECLARED_SELECTOR = YES;
				GCC_WARN_UNINITIALIZED_AUTOS = YES_AGGRESSIVE;
				GCC_WARN_UNUSED_FUNCTION = YES;
				GCC_WARN_UNUSED_VARIABLE = YES;
				IPHONEOS_DEPLOYMENT_TARGET = 12.1;
				MTL_ENABLE_DEBUG_INFO = NO;
				MTL_FAST_MATH = YES;
				SDKROOT = iphoneos;
				SWIFT_COMPILATION_MODE = wholemodule;
				SWIFT_OPTIMIZATION_LEVEL = "-O";
				VALIDATE_PRODUCT = YES;
			};
			name = Release;
		};
		1F85C66B255A130F00EDF730 /* Debug */ = {
			isa = XCBuildConfiguration;
			baseConfigurationReference = 1ADCCF6CA49ACDE8DEDCE79A /* Pods-Rx-test.debug.xcconfig */;
			buildSettings = {
				ASSETCATALOG_COMPILER_APPICON_NAME = AppIcon;
				CODE_SIGN_STYLE = Automatic;
				DEVELOPMENT_TEAM = BTDQ3GU472;
				INFOPLIST_FILE = "Rx-test/Info.plist";
				LD_RUNPATH_SEARCH_PATHS = (
					"$(inherited)",
					"@executable_path/Frameworks",
				);
				PRODUCT_BUNDLE_IDENTIFIER = "com.c.Rx-test";
				PRODUCT_NAME = "$(TARGET_NAME)";
				SWIFT_VERSION = 4.2;
				TARGETED_DEVICE_FAMILY = "1,2";
			};
			name = Debug;
		};
		1F85C66C255A130F00EDF730 /* Release */ = {
			isa = XCBuildConfiguration;
			baseConfigurationReference = 377B8DE772855CDCD63DC9D4 /* Pods-Rx-test.release.xcconfig */;
			buildSettings = {
				ASSETCATALOG_COMPILER_APPICON_NAME = AppIcon;
				CODE_SIGN_STYLE = Automatic;
				DEVELOPMENT_TEAM = BTDQ3GU472;
				INFOPLIST_FILE = "Rx-test/Info.plist";
				LD_RUNPATH_SEARCH_PATHS = (
					"$(inherited)",
					"@executable_path/Frameworks",
				);
				PRODUCT_BUNDLE_IDENTIFIER = "com.c.Rx-test";
				PRODUCT_NAME = "$(TARGET_NAME)";
				SWIFT_VERSION = 4.2;
				TARGETED_DEVICE_FAMILY = "1,2";
			};
			name = Release;
		};
/* End XCBuildConfiguration section */

/* Begin XCConfigurationList section */
		1F85C653255A130600EDF730 /* Build configuration list for PBXProject "Rx-test" */ = {
			isa = XCConfigurationList;
			buildConfigurations = (
				1F85C668255A130F00EDF730 /* Debug */,
				1F85C669255A130F00EDF730 /* Release */,
			);
			defaultConfigurationIsVisible = 0;
			defaultConfigurationName = Release;
		};
		1F85C66A255A130F00EDF730 /* Build configuration list for PBXNativeTarget "Rx-test" */ = {
			isa = XCConfigurationList;
			buildConfigurations = (
				1F85C66B255A130F00EDF730 /* Debug */,
				1F85C66C255A130F00EDF730 /* Release */,
			);
			defaultConfigurationIsVisible = 0;
			defaultConfigurationName = Release;
		};
/* End XCConfigurationList section */
	};
	rootObject = 1F85C650255A130600EDF730 /* Project object */;
}
